
Microsoft Visual Studio Solution File, Format Version 12.00
# Visual Studio Version 17
VisualStudioVersion = 17.14.36414.22 d17.14
MinimumVisualStudioVersion = 10.0.40219.1
Project("{2150E333-8FDC-42A3-9474-1A3956D46DE8}") = "Task0", "Task0", "{36D591C7-65C7-A0D1-1CBC-10CDE441BDC8}"
EndProject
Project("{FAE04EC0-301F-11D3-BF4B-00C04F79EFBC}") = "Tyuiu.IvanovEO.Sprint3.Task0.V8", "Tyuiu.IvanovEO.Sprint3.Task0.V8\Tyuiu.IvanovEO.Sprint3.Task0.V8.csproj", "{04CCA30C-FCAA-4438-B55B-B5122683E356}"
EndProject
Project("{FAE04EC0-301F-11D3-BF4B-00C04F79EFBC}") = "Tyuiu.IvanovEO.Sprint3.Task0.V8.Test", "Tyuiu.IvanovEO.Sprint3.Task0.V8.Test\Tyuiu.IvanovEO.Sprint3.Task0.V8.Test.csproj", "{5923459E-2CDC-42EC-99B6-7D4D36605281}"
EndProject
Project("{FAE04EC0-301F-11D3-BF4B-00C04F79EFBC}") = "Tyuiu.IvanovEO.Sprint3.Task0.V8.Lib", "Tyuiu.IvanovEO.Sprint3.Task0.V8.Lib\Tyuiu.IvanovEO.Sprint3.Task0.V8.Lib.csproj", "{A5546B17-76A6-4BD8-B1E6-C75635DAF03A}"
EndProject
Project("{2150E333-8FDC-42A3-9474-1A3956D46DE8}") = "Task1", "Task1", "{5D45F32F-A36C-4B7F-A144-B7D9E5733B25}"
EndProject
Project("{FAE04EC0-301F-11D3-BF4B-00C04F79EFBC}") = "Tyuiu.IvanovEO.Sprint3.Task1.V4.Lib", "Tyuiu.IvanovEO.Sprint3.Task1.V4.Lib\Tyuiu.IvanovEO.Sprint3.Task1.V4.Lib.csproj", "{BF4EF1E7-C526-45D6-9DBB-1AECC9079ABB}"
EndProject
Project("{FAE04EC0-301F-11D3-BF4B-00C04F79EFBC}") = "Tyuiu.IvanovEO.Sprint3.Task1.V4.Test", "Tyuiu.IvanovEO.Sprint3.Task1.V4.Test\Tyuiu.IvanovEO.Sprint3.Task1.V4.Test.csproj", "{BCDC0A64-9DE9-49A9-9F2B-DFFF80D04048}"
EndProject
Project("{FAE04EC0-301F-11D3-BF4B-00C04F79EFBC}") = "Tyuiu.IvanovEO.Sprint3.Task1.V4", "Tyuiu.IvanovEO.Sprint3.Task1.V4\Tyuiu.IvanovEO.Sprint3.Task1.V4.csproj", "{FBDD8C4B-1BEE-4752-995D-01DB9AE4F4E7}"
EndProject
Project("{2150E333-8FDC-42A3-9474-1A3956D46DE8}") = "Task2", "Task2", "{F9715D9B-F2DA-478F-B61A-1E4D644BF071}"
EndProject
Project("{2150E333-8FDC-42A3-9474-1A3956D46DE8}") = "Task3", "Task3", "{91442FC0-758C-4E8E-B296-0D44908535B2}"
EndProject
Project("{2150E333-8FDC-42A3-9474-1A3956D46DE8}") = "Task4", "Task4", "{888CFDC0-BB30-4ECB-9B41-CE632070BCCC}"
EndProject
Project("{2150E333-8FDC-42A3-9474-1A3956D46DE8}") = "Task5", "Task5", "{551B3C62-A86B-4D63-A709-69B9B151BECB}"
EndProject
Project("{2150E333-8FDC-42A3-9474-1A3956D46DE8}") = "Task6", "Task6", "{E53A98F8-2777-47A4-9959-DE0FC2B65EA5}"
EndProject
Project("{2150E333-8FDC-42A3-9474-1A3956D46DE8}") = "Task7", "Task7", "{89D44FC5-7DBC-4F51-B34C-87381369CE47}"
EndProject
Project("{FAE04EC0-301F-11D3-BF4B-00C04F79EFBC}") = "Tyuiu.IvanovEO.Sprint3.Task2.V5", "Tyuiu.IvanovEO.Sprint3.Task2.V5\Tyuiu.IvanovEO.Sprint3.Task2.V5.csproj", "{EF5999C8-AAE4-4D48-A13E-D768F444DB1C}"
EndProject
Project("{FAE04EC0-301F-11D3-BF4B-00C04F79EFBC}") = "Tyuiu.IvanovEO.Sprint3.Task2.V5.Test", "Tyuiu.IvanovEO.Sprint3.Task2.V5.Test\Tyuiu.IvanovEO.Sprint3.Task2.V5.Test.csproj", "{F2A08C16-8BED-4EAE-B67E-1DD25B3064B3}"
EndProject
Project("{FAE04EC0-301F-11D3-BF4B-00C04F79EFBC}") = "Tyuiu.IvanovEO.Sprint3.Task2.V5.Lib", "Tyuiu.IvanovEO.Sprint3.Task2.V5.Lib\Tyuiu.IvanovEO.Sprint3.Task2.V5.Lib.csproj", "{E87D24E1-E735-4801-9788-7B49BBE77E55}"
EndProject
Project("{FAE04EC0-301F-11D3-BF4B-00C04F79EFBC}") = "Tyuiu.IvanovEO.Sprint3.Task3.V13", "Tyuiu.IvanovEO.Sprint3.Task3.V13\Tyuiu.IvanovEO.Sprint3.Task3.V13.csproj", "{166152E0-47C3-4A6F-9897-D3E6357A7B92}"
EndProject
Project("{FAE04EC0-301F-11D3-BF4B-00C04F79EFBC}") = "Tyuiu.IvanovEO.Sprint3.Task3.V13.Lib", "Tyuiu.IvanovEO.Sprint3.Task3.V13.Lib\Tyuiu.IvanovEO.Sprint3.Task3.V13.Lib.csproj", "{6C5049CF-F18F-4467-A20D-2048AAD22930}"
EndProject
Project("{FAE04EC0-301F-11D3-BF4B-00C04F79EFBC}") = "Tyuiu.IvanovEO.Sprint3.Task3.V13.Test", "Tyuiu.IvanovEO.Sprint3.Task3.V13.Test\Tyuiu.IvanovEO.Sprint3.Task3.V13.Test.csproj", "{5582B82E-D476-44AD-8414-709EB5F790BA}"
EndProject
Project("{FAE04EC0-301F-11D3-BF4B-00C04F79EFBC}") = "Tyuiu.IvanovEO.Sprint3.Task4.V26", "Tyuiu.IvanovEO.Sprint3.Task4.V26\Tyuiu.IvanovEO.Sprint3.Task4.V26.csproj", "{FBC613AD-6516-4084-AB05-C2A1AA058791}"
EndProject
Project("{FAE04EC0-301F-11D3-BF4B-00C04F79EFBC}") = "Tyuiu.IvanovEO.Sprint3.Task4.V26.Test", "Tyuiu.IvanovEO.Sprint3.Task4.V26.Test\Tyuiu.IvanovEO.Sprint3.Task4.V26.Test.csproj", "{7E6DA37B-56EE-4C0D-9A6B-512627531A52}"
EndProject
Project("{FAE04EC0-301F-11D3-BF4B-00C04F79EFBC}") = "Tyuiu.IvanovEO.Sprint3.Task4.V26.Lib", "Tyuiu.IvanovEO.Sprint3.Task4.V26.Lib\Tyuiu.IvanovEO.Sprint3.Task4.V26.Lib.csproj", "{F58EBA06-DEC5-4FD7-B795-098951FCFFFF}"
EndProject
Project("{FAE04EC0-301F-11D3-BF4B-00C04F79EFBC}") = "Tyuiu.IvanovEO.Sprint3.Task5.V18", "Tyuiu.IvanovEO.Sprint3.Task5.V18\Tyuiu.IvanovEO.Sprint3.Task5.V18.csproj", "{8D412406-C640-4606-89D7-87E2C3EC0956}"
EndProject
Project("{FAE04EC0-301F-11D3-BF4B-00C04F79EFBC}") = "Tyuiu.IvanovEO.Sprint3.Task5.V18.Lib", "Tyuiu.IvanovEO.Sprint3.Task5.V18.Lib\Tyuiu.IvanovEO.Sprint3.Task5.V18.Lib.csproj", "{7856FA62-BF8B-4ECE-90B2-444D7EA92580}"
EndProject
Project("{FAE04EC0-301F-11D3-BF4B-00C04F79EFBC}") = "Tyuiu.IvanovEO.Sprint3.Task5.V18.Test", "Tyuiu.IvanovEO.Sprint3.Task5.V18.Test\Tyuiu.IvanovEO.Sprint3.Task5.V18.Test.csproj", "{BCCB57B8-9C02-40A6-9E8A-C88A7479343F}"
EndProject
Project("{FAE04EC0-301F-11D3-BF4B-00C04F79EFBC}") = "Tyuiu.IvanovEO.Sprint3.Task6.V23", "Tyuiu.IvanovEO.Sprint3.Task6.V23\Tyuiu.IvanovEO.Sprint3.Task6.V23.csproj", "{E822F288-1242-42EB-984F-E414640A6770}"
EndProject
Project("{FAE04EC0-301F-11D3-BF4B-00C04F79EFBC}") = "Tyuiu.IvanovEO.Sprint3.Task6.V23.Lib", "Tyuiu.IvanovEO.Sprint3.Task6.V23.Lib\Tyuiu.IvanovEO.Sprint3.Task6.V23.Lib.csproj", "{E4010275-D4E2-4285-8121-889644741672}"
EndProject
Project("{FAE04EC0-301F-11D3-BF4B-00C04F79EFBC}") = "Tyuiu.IvanovEO.Sprint3.Task6.V23.Test", "Tyuiu.IvanovEO.Sprint3.Task6.V23.Test\Tyuiu.IvanovEO.Sprint3.Task6.V23.Test.csproj", "{E45C3A92-A432-4946-A78E-03D5D213412A}"
EndProject
Project("{FAE04EC0-301F-11D3-BF4B-00C04F79EFBC}") = "Tyuiu.IvanovEO.Sprint3.Task7.V24", "Tyuiu.IvanovEO.Sprint3.Task7.V24\Tyuiu.IvanovEO.Sprint3.Task7.V24.csproj", "{A3F5327B-4218-4E50-BCAF-4B2FA7C8BAE4}"
EndProject
Project("{FAE04EC0-301F-11D3-BF4B-00C04F79EFBC}") = "Tyuiu.IvanovEO.Sprint3.Task7.V24.Test", "Tyuiu.IvanovEO.Sprint3.Task7.V24.Test\Tyuiu.IvanovEO.Sprint3.Task7.V24.Test.csproj", "{81F77778-FE79-4D0E-AB66-7863E1A88D6D}"
EndProject
Project("{FAE04EC0-301F-11D3-BF4B-00C04F79EFBC}") = "Tyuiu.IvanovEO.Sprint3.Task7.V24.Lib", "Tyuiu.IvanovEO.Sprint3.Task7.V24.Lib\Tyuiu.IvanovEO.Sprint3.Task7.V24.Lib.csproj", "{AC0C00F7-8D64-4EC0-B9BE-AF8A11A5AD27}"
EndProject
Global
	GlobalSection(SolutionConfigurationPlatforms) = preSolution
		Debug|Any CPU = Debug|Any CPU
		Release|Any CPU = Release|Any CPU
	EndGlobalSection
	GlobalSection(ProjectConfigurationPlatforms) = postSolution
		{04CCA30C-FCAA-4438-B55B-B5122683E356}.Debug|Any CPU.ActiveCfg = Debug|Any CPU
		{04CCA30C-FCAA-4438-B55B-B5122683E356}.Debug|Any CPU.Build.0 = Debug|Any CPU
		{04CCA30C-FCAA-4438-B55B-B5122683E356}.Release|Any CPU.ActiveCfg = Release|Any CPU
		{04CCA30C-FCAA-4438-B55B-B5122683E356}.Release|Any CPU.Build.0 = Release|Any CPU
		{5923459E-2CDC-42EC-99B6-7D4D36605281}.Debug|Any CPU.ActiveCfg = Debug|Any CPU
		{5923459E-2CDC-42EC-99B6-7D4D36605281}.Debug|Any CPU.Build.0 = Debug|Any CPU
		{5923459E-2CDC-42EC-99B6-7D4D36605281}.Release|Any CPU.ActiveCfg = Release|Any CPU
		{5923459E-2CDC-42EC-99B6-7D4D36605281}.Release|Any CPU.Build.0 = Release|Any CPU
		{A5546B17-76A6-4BD8-B1E6-C75635DAF03A}.Debug|Any CPU.ActiveCfg = Debug|Any CPU
		{A5546B17-76A6-4BD8-B1E6-C75635DAF03A}.Debug|Any CPU.Build.0 = Debug|Any CPU
		{A5546B17-76A6-4BD8-B1E6-C75635DAF03A}.Release|Any CPU.ActiveCfg = Release|Any CPU
		{A5546B17-76A6-4BD8-B1E6-C75635DAF03A}.Release|Any CPU.Build.0 = Release|Any CPU
		{BF4EF1E7-C526-45D6-9DBB-1AECC9079ABB}.Debug|Any CPU.ActiveCfg = Debug|Any CPU
		{BF4EF1E7-C526-45D6-9DBB-1AECC9079ABB}.Debug|Any CPU.Build.0 = Debug|Any CPU
		{BF4EF1E7-C526-45D6-9DBB-1AECC9079ABB}.Release|Any CPU.ActiveCfg = Release|Any CPU
		{BF4EF1E7-C526-45D6-9DBB-1AECC9079ABB}.Release|Any CPU.Build.0 = Release|Any CPU
		{BCDC0A64-9DE9-49A9-9F2B-DFFF80D04048}.Debug|Any CPU.ActiveCfg = Debug|Any CPU
		{BCDC0A64-9DE9-49A9-9F2B-DFFF80D04048}.Debug|Any CPU.Build.0 = Debug|Any CPU
		{BCDC0A64-9DE9-49A9-9F2B-DFFF80D04048}.Release|Any CPU.ActiveCfg = Release|Any CPU
		{BCDC0A64-9DE9-49A9-9F2B-DFFF80D04048}.Release|Any CPU.Build.0 = Release|Any CPU
		{FBDD8C4B-1BEE-4752-995D-01DB9AE4F4E7}.Debug|Any CPU.ActiveCfg = Debug|Any CPU
		{FBDD8C4B-1BEE-4752-995D-01DB9AE4F4E7}.Debug|Any CPU.Build.0 = Debug|Any CPU
		{FBDD8C4B-1BEE-4752-995D-01DB9AE4F4E7}.Release|Any CPU.ActiveCfg = Release|Any CPU
		{FBDD8C4B-1BEE-4752-995D-01DB9AE4F4E7}.Release|Any CPU.Build.0 = Release|Any CPU
		{EF5999C8-AAE4-4D48-A13E-D768F444DB1C}.Debug|Any CPU.ActiveCfg = Debug|Any CPU
		{EF5999C8-AAE4-4D48-A13E-D768F444DB1C}.Debug|Any CPU.Build.0 = Debug|Any CPU
		{EF5999C8-AAE4-4D48-A13E-D768F444DB1C}.Release|Any CPU.ActiveCfg = Release|Any CPU
		{EF5999C8-AAE4-4D48-A13E-D768F444DB1C}.Release|Any CPU.Build.0 = Release|Any CPU
		{F2A08C16-8BED-4EAE-B67E-1DD25B3064B3}.Debug|Any CPU.ActiveCfg = Debug|Any CPU
		{F2A08C16-8BED-4EAE-B67E-1DD25B3064B3}.Debug|Any CPU.Build.0 = Debug|Any CPU
		{F2A08C16-8BED-4EAE-B67E-1DD25B3064B3}.Release|Any CPU.ActiveCfg = Release|Any CPU
		{F2A08C16-8BED-4EAE-B67E-1DD25B3064B3}.Release|Any CPU.Build.0 = Release|Any CPU
		{E87D24E1-E735-4801-9788-7B49BBE77E55}.Debug|Any CPU.ActiveCfg = Debug|Any CPU
		{E87D24E1-E735-4801-9788-7B49BBE77E55}.Debug|Any CPU.Build.0 = Debug|Any CPU
		{E87D24E1-E735-4801-9788-7B49BBE77E55}.Release|Any CPU.ActiveCfg = Release|Any CPU
		{E87D24E1-E735-4801-9788-7B49BBE77E55}.Release|Any CPU.Build.0 = Release|Any CPU
		{166152E0-47C3-4A6F-9897-D3E6357A7B92}.Debug|Any CPU.ActiveCfg = Debug|Any CPU
		{166152E0-47C3-4A6F-9897-D3E6357A7B92}.Debug|Any CPU.Build.0 = Debug|Any CPU
		{166152E0-47C3-4A6F-9897-D3E6357A7B92}.Release|Any CPU.ActiveCfg = Release|Any CPU
		{166152E0-47C3-4A6F-9897-D3E6357A7B92}.Release|Any CPU.Build.0 = Release|Any CPU
		{6C5049CF-F18F-4467-A20D-2048AAD22930}.Debug|Any CPU.ActiveCfg = Debug|Any CPU
		{6C5049CF-F18F-4467-A20D-2048AAD22930}.Debug|Any CPU.Build.0 = Debug|Any CPU
		{6C5049CF-F18F-4467-A20D-2048AAD22930}.Release|Any CPU.ActiveCfg = Release|Any CPU
		{6C5049CF-F18F-4467-A20D-2048AAD22930}.Release|Any CPU.Build.0 = Release|Any CPU
		{5582B82E-D476-44AD-8414-709EB5F790BA}.Debug|Any CPU.ActiveCfg = Debug|Any CPU
		{5582B82E-D476-44AD-8414-709EB5F790BA}.Debug|Any CPU.Build.0 = Debug|Any CPU
		{5582B82E-D476-44AD-8414-709EB5F790BA}.Release|Any CPU.ActiveCfg = Release|Any CPU
		{5582B82E-D476-44AD-8414-709EB5F790BA}.Release|Any CPU.Build.0 = Release|Any CPU
		{FBC613AD-6516-4084-AB05-C2A1AA058791}.Debug|Any CPU.ActiveCfg = Debug|Any CPU
		{FBC613AD-6516-4084-AB05-C2A1AA058791}.Debug|Any CPU.Build.0 = Debug|Any CPU
		{FBC613AD-6516-4084-AB05-C2A1AA058791}.Release|Any CPU.ActiveCfg = Release|Any CPU
		{FBC613AD-6516-4084-AB05-C2A1AA058791}.Release|Any CPU.Build.0 = Release|Any CPU
		{7E6DA37B-56EE-4C0D-9A6B-512627531A52}.Debug|Any CPU.ActiveCfg = Debug|Any CPU
		{7E6DA37B-56EE-4C0D-9A6B-512627531A52}.Debug|Any CPU.Build.0 = Debug|Any CPU
		{7E6DA37B-56EE-4C0D-9A6B-512627531A52}.Release|Any CPU.ActiveCfg = Release|Any CPU
		{7E6DA37B-56EE-4C0D-9A6B-512627531A52}.Release|Any CPU.Build.0 = Release|Any CPU
		{F58EBA06-DEC5-4FD7-B795-098951FCFFFF}.Debug|Any CPU.ActiveCfg = Debug|Any CPU
		{F58EBA06-DEC5-4FD7-B795-098951FCFFFF}.Debug|Any CPU.Build.0 = Debug|Any CPU
		{F58EBA06-DEC5-4FD7-B795-098951FCFFFF}.Release|Any CPU.ActiveCfg = Release|Any CPU
		{F58EBA06-DEC5-4FD7-B795-098951FCFFFF}.Release|Any CPU.Build.0 = Release|Any CPU
		{8D412406-C640-4606-89D7-87E2C3EC0956}.Debug|Any CPU.ActiveCfg = Debug|Any CPU
		{8D412406-C640-4606-89D7-87E2C3EC0956}.Debug|Any CPU.Build.0 = Debug|Any CPU
		{8D412406-C640-4606-89D7-87E2C3EC0956}.Release|Any CPU.ActiveCfg = Release|Any CPU
		{8D412406-C640-4606-89D7-87E2C3EC0956}.Release|Any CPU.Build.0 = Release|Any CPU
		{7856FA62-BF8B-4ECE-90B2-444D7EA92580}.Debug|Any CPU.ActiveCfg = Debug|Any CPU
		{7856FA62-BF8B-4ECE-90B2-444D7EA92580}.Debug|Any CPU.Build.0 = Debug|Any CPU
		{7856FA62-BF8B-4ECE-90B2-444D7EA92580}.Release|Any CPU.ActiveCfg = Release|Any CPU
		{7856FA62-BF8B-4ECE-90B2-444D7EA92580}.Release|Any CPU.Build.0 = Release|Any CPU
		{BCCB57B8-9C02-40A6-9E8A-C88A7479343F}.Debug|Any CPU.ActiveCfg = Debug|Any CPU
		{BCCB57B8-9C02-40A6-9E8A-C88A7479343F}.Debug|Any CPU.Build.0 = Debug|Any CPU
		{BCCB57B8-9C02-40A6-9E8A-C88A7479343F}.Release|Any CPU.ActiveCfg = Release|Any CPU
		{BCCB57B8-9C02-40A6-9E8A-C88A7479343F}.Release|Any CPU.Build.0 = Release|Any CPU
		{E822F288-1242-42EB-984F-E414640A6770}.Debug|Any CPU.ActiveCfg = Debug|Any CPU
		{E822F288-1242-42EB-984F-E414640A6770}.Debug|Any CPU.Build.0 = Debug|Any CPU
		{E822F288-1242-42EB-984F-E414640A6770}.Release|Any CPU.ActiveCfg = Release|Any CPU
		{E822F288-1242-42EB-984F-E414640A6770}.Release|Any CPU.Build.0 = Release|Any CPU
		{E4010275-D4E2-4285-8121-889644741672}.Debug|Any CPU.ActiveCfg = Debug|Any CPU
		{E4010275-D4E2-4285-8121-889644741672}.Debug|Any CPU.Build.0 = Debug|Any CPU
		{E4010275-D4E2-4285-8121-889644741672}.Release|Any CPU.ActiveCfg = Release|Any CPU
		{E4010275-D4E2-4285-8121-889644741672}.Release|Any CPU.Build.0 = Release|Any CPU
		{E45C3A92-A432-4946-A78E-03D5D213412A}.Debug|Any CPU.ActiveCfg = Debug|Any CPU
		{E45C3A92-A432-4946-A78E-03D5D213412A}.Debug|Any CPU.Build.0 = Debug|Any CPU
		{E45C3A92-A432-4946-A78E-03D5D213412A}.Release|Any CPU.ActiveCfg = Release|Any CPU
		{E45C3A92-A432-4946-A78E-03D5D213412A}.Release|Any CPU.Build.0 = Release|Any CPU
		{A3F5327B-4218-4E50-BCAF-4B2FA7C8BAE4}.Debug|Any CPU.ActiveCfg = Debug|Any CPU
		{A3F5327B-4218-4E50-BCAF-4B2FA7C8BAE4}.Debug|Any CPU.Build.0 = Debug|Any CPU
		{A3F5327B-4218-4E50-BCAF-4B2FA7C8BAE4}.Release|Any CPU.ActiveCfg = Release|Any CPU
		{A3F5327B-4218-4E50-BCAF-4B2FA7C8BAE4}.Release|Any CPU.Build.0 = Release|Any CPU
		{81F77778-FE79-4D0E-AB66-7863E1A88D6D}.Debug|Any CPU.ActiveCfg = Debug|Any CPU
		{81F77778-FE79-4D0E-AB66-7863E1A88D6D}.Debug|Any CPU.Build.0 = Debug|Any CPU
		{81F77778-FE79-4D0E-AB66-7863E1A88D6D}.Release|Any CPU.ActiveCfg = Release|Any CPU
		{81F77778-FE79-4D0E-AB66-7863E1A88D6D}.Release|Any CPU.Build.0 = Release|Any CPU
		{AC0C00F7-8D64-4EC0-B9BE-AF8A11A5AD27}.Debug|Any CPU.ActiveCfg = Debug|Any CPU
		{AC0C00F7-8D64-4EC0-B9BE-AF8A11A5AD27}.Debug|Any CPU.Build.0 = Debug|Any CPU
		{AC0C00F7-8D64-4EC0-B9BE-AF8A11A5AD27}.Release|Any CPU.ActiveCfg = Release|Any CPU
		{AC0C00F7-8D64-4EC0-B9BE-AF8A11A5AD27}.Release|Any CPU.Build.0 = Release|Any CPU
	EndGlobalSection
	GlobalSection(SolutionProperties) = preSolution
		HideSolutionNode = FALSE
	EndGlobalSection
	GlobalSection(NestedProjects) = preSolution
		{04CCA30C-FCAA-4438-B55B-B5122683E356} = {36D591C7-65C7-A0D1-1CBC-10CDE441BDC8}
		{5923459E-2CDC-42EC-99B6-7D4D36605281} = {36D591C7-65C7-A0D1-1CBC-10CDE441BDC8}
		{A5546B17-76A6-4BD8-B1E6-C75635DAF03A} = {36D591C7-65C7-A0D1-1CBC-10CDE441BDC8}
		{BF4EF1E7-C526-45D6-9DBB-1AECC9079ABB} = {5D45F32F-A36C-4B7F-A144-B7D9E5733B25}
		{BCDC0A64-9DE9-49A9-9F2B-DFFF80D04048} = {5D45F32F-A36C-4B7F-A144-B7D9E5733B25}
		{FBDD8C4B-1BEE-4752-995D-01DB9AE4F4E7} = {5D45F32F-A36C-4B7F-A144-B7D9E5733B25}
		{EF5999C8-AAE4-4D48-A13E-D768F444DB1C} = {F9715D9B-F2DA-478F-B61A-1E4D644BF071}
		{F2A08C16-8BED-4EAE-B67E-1DD25B3064B3} = {F9715D9B-F2DA-478F-B61A-1E4D644BF071}
		{E87D24E1-E735-4801-9788-7B49BBE77E55} = {F9715D9B-F2DA-478F-B61A-1E4D644BF071}
		{166152E0-47C3-4A6F-9897-D3E6357A7B92} = {91442FC0-758C-4E8E-B296-0D44908535B2}
		{6C5049CF-F18F-4467-A20D-2048AAD22930} = {91442FC0-758C-4E8E-B296-0D44908535B2}
		{5582B82E-D476-44AD-8414-709EB5F790BA} = {91442FC0-758C-4E8E-B296-0D44908535B2}
		{FBC613AD-6516-4084-AB05-C2A1AA058791} = {888CFDC0-BB30-4ECB-9B41-CE632070BCCC}
		{7E6DA37B-56EE-4C0D-9A6B-512627531A52} = {888CFDC0-BB30-4ECB-9B41-CE632070BCCC}
		{F58EBA06-DEC5-4FD7-B795-098951FCFFFF} = {888CFDC0-BB30-4ECB-9B41-CE632070BCCC}
		{8D412406-C640-4606-89D7-87E2C3EC0956} = {551B3C62-A86B-4D63-A709-69B9B151BECB}
		{7856FA62-BF8B-4ECE-90B2-444D7EA92580} = {551B3C62-A86B-4D63-A709-69B9B151BECB}
		{BCCB57B8-9C02-40A6-9E8A-C88A7479343F} = {551B3C62-A86B-4D63-A709-69B9B151BECB}
		{E822F288-1242-42EB-984F-E414640A6770} = {E53A98F8-2777-47A4-9959-DE0FC2B65EA5}
		{E4010275-D4E2-4285-8121-889644741672} = {E53A98F8-2777-47A4-9959-DE0FC2B65EA5}
		{E45C3A92-A432-4946-A78E-03D5D213412A} = {E53A98F8-2777-47A4-9959-DE0FC2B65EA5}
		{A3F5327B-4218-4E50-BCAF-4B2FA7C8BAE4} = {89D44FC5-7DBC-4F51-B34C-87381369CE47}
		{81F77778-FE79-4D0E-AB66-7863E1A88D6D} = {89D44FC5-7DBC-4F51-B34C-87381369CE47}
		{AC0C00F7-8D64-4EC0-B9BE-AF8A11A5AD27} = {89D44FC5-7DBC-4F51-B34C-87381369CE47}
	EndGlobalSection
	GlobalSection(ExtensibilityGlobals) = postSolution
		SolutionGuid = {CFC258BF-A3E7-40E7-9884-608337026D7A}
	EndGlobalSection
EndGlobal
