
Microsoft Visual Studio Solution File, Format Version 12.00
# Visual Studio Version 17
VisualStudioVersion = 17.14.36414.22 d17.14
MinimumVisualStudioVersion = 10.0.40219.1
Project("{2150E333-8FDC-42A3-9474-1A3956D46DE8}") = "Task0", "Task0", "{36D591C7-65C7-A0D1-1CBC-10CDE441BDC8}"
EndProject
Project("{FAE04EC0-301F-11D3-BF4B-00C04F79EFBC}") = "Tyuiu.IvanovEO.Sprint3.Task0.V8", "Tyuiu.IvanovEO.Sprint3.Task0.V8\Tyuiu.IvanovEO.Sprint3.Task0.V8.csproj", "{04CCA30C-FCAA-4438-B55B-B5122683E356}"
EndProject
Project("{FAE04EC0-301F-11D3-BF4B-00C04F79EFBC}") = "Tyuiu.IvanovEO.Sprint3.Task0.V8.Test", "Tyuiu.IvanovEO.Sprint3.Task0.V8.Test\Tyuiu.IvanovEO.Sprint3.Task0.V8.Test.csproj", "{5923459E-2CDC-42EC-99B6-7D4D36605281}"
EndProject
Project("{FAE04EC0-301F-11D3-BF4B-00C04F79EFBC}") = "Tyuiu.IvanovEO.Sprint3.Task0.V8.Lib", "Tyuiu.IvanovEO.Sprint3.Task0.V8.Lib\Tyuiu.IvanovEO.Sprint3.Task0.V8.Lib.csproj", "{A5546B17-76A6-4BD8-B1E6-C75635DAF03A}"
EndProject
Global
	GlobalSection(SolutionConfigurationPlatforms) = preSolution
		Debug|Any CPU = Debug|Any CPU
		Release|Any CPU = Release|Any CPU
	EndGlobalSection
	GlobalSection(ProjectConfigurationPlatforms) = postSolution
		{04CCA30C-FCAA-4438-B55B-B5122683E356}.Debug|Any CPU.ActiveCfg = Debug|Any CPU
		{04CCA30C-FCAA-4438-B55B-B5122683E356}.Debug|Any CPU.Build.0 = Debug|Any CPU
		{04CCA30C-FCAA-4438-B55B-B5122683E356}.Release|Any CPU.ActiveCfg = Release|Any CPU
		{04CCA30C-FCAA-4438-B55B-B5122683E356}.Release|Any CPU.Build.0 = Release|Any CPU
		{5923459E-2CDC-42EC-99B6-7D4D36605281}.Debug|Any CPU.ActiveCfg = Debug|Any CPU
		{5923459E-2CDC-42EC-99B6-7D4D36605281}.Debug|Any CPU.Build.0 = Debug|Any CPU
		{5923459E-2CDC-42EC-99B6-7D4D36605281}.Release|Any CPU.ActiveCfg = Release|Any CPU
		{5923459E-2CDC-42EC-99B6-7D4D36605281}.Release|Any CPU.Build.0 = Release|Any CPU
		{A5546B17-76A6-4BD8-B1E6-C75635DAF03A}.Debug|Any CPU.ActiveCfg = Debug|Any CPU
		{A5546B17-76A6-4BD8-B1E6-C75635DAF03A}.Debug|Any CPU.Build.0 = Debug|Any CPU
		{A5546B17-76A6-4BD8-B1E6-C75635DAF03A}.Release|Any CPU.ActiveCfg = Release|Any CPU
		{A5546B17-76A6-4BD8-B1E6-C75635DAF03A}.Release|Any CPU.Build.0 = Release|Any CPU
	EndGlobalSection
	GlobalSection(SolutionProperties) = preSolution
		HideSolutionNode = FALSE
	EndGlobalSection
	GlobalSection(NestedProjects) = preSolution
		{04CCA30C-FCAA-4438-B55B-B5122683E356} = {36D591C7-65C7-A0D1-1CBC-10CDE441BDC8}
		{5923459E-2CDC-42EC-99B6-7D4D36605281} = {36D591C7-65C7-A0D1-1CBC-10CDE441BDC8}
		{A5546B17-76A6-4BD8-B1E6-C75635DAF03A} = {36D591C7-65C7-A0D1-1CBC-10CDE441BDC8}
	EndGlobalSection
	GlobalSection(ExtensibilityGlobals) = postSolution
		SolutionGuid = {CFC258BF-A3E7-40E7-9884-608337026D7A}
	EndGlobalSection
EndGlobal
